{
  "name": "@~lisfan/logger",
  "version": "1.1.0-rc.4",
  "lockfileVersion": 1,
  "requires": true,
  "dependencies": {
    "@~lisfan/validation": {
      "version": "1.0.0-rc.1",
      "resolved": "https://registry.npmjs.org/@~lisfan/validation/-/validation-1.0.0-rc.1.tgz",
      "integrity": "sha512-P5S+uaCH8ylqCM4BVfMVcO9T0kD3B0JejykTuU26640d04a9RKOHa6vys0cgCPB0rx3J91xaZbGQ9xCZpjM2aQ=="
    }
  }
}
