{
  "name": "@~lisfan/logger",
  "version": "1.1.0-rc.13",
  "lockfileVersion": 1,
  "requires": true,
  "dependencies": {
    "@~lisfan/validation": {
      "version": "1.0.0-rc.8",
      "resolved": "https://registry.npmjs.org/@~lisfan/validation/-/validation-1.0.0-rc.8.tgz",
      "integrity": "sha512-eYr+09bD3jWMSEze70WyMO0QpBkDqYDBv5z0mBs97ayiUI/Tlm3g2s6Zn3f+wkwuQdBSi4pM1Ciepi86yRkWMw=="
    }
  }
}
