{
  "name": "@~lisfan/logger",
  "version": "1.1.0-rc.14",
  "lockfileVersion": 1,
  "requires": true,
  "dependencies": {
    "@~lisfan/validation": {
      "version": "1.0.0-rc.10",
      "resolved": "https://registry.npmjs.org/@~lisfan/validation/-/validation-1.0.0-rc.10.tgz",
      "integrity": "sha512-ZCzhocWrznwIT2WejTZwoXzLMm/UZ1B6ITy4WUB3Be3j041zpTpa6VyRhzjy7Bz3+XietqhrsazXqu/OxVt7bQ=="
    }
  }
}
